
Microsoft Visual Studio Solution File, Format Version 12.00
# Visual Studio Version 17
VisualStudioVersion = 17.11.35208.52
MinimumVisualStudioVersion = 10.0.40219.1
Project("{FAE04EC0-301F-11D3-BF4B-00C04F79EFBC}") = "UrlChecker", "UrlChecker\UrlChecker.csproj", "{3A16A2B2-4BF2-4FF8-BE85-E54F2E1FDA24}"
EndProject
Global
	GlobalSection(SolutionConfigurationPlatforms) = preSolution
		Debug|Any CPU = Debug|Any CPU
		Release|Any CPU = Release|Any CPU
	EndGlobalSection
	GlobalSection(ProjectConfigurationPlatforms) = postSolution
		{3A16A2B2-4BF2-4FF8-BE85-E54F2E1FDA24}.Debug|Any CPU.ActiveCfg = Debug|Any CPU
		{3A16A2B2-4BF2-4FF8-BE85-E54F2E1FDA24}.Debug|Any CPU.Build.0 = Debug|Any CPU
		{3A16A2B2-4BF2-4FF8-BE85-E54F2E1FDA24}.Release|Any CPU.ActiveCfg = Release|Any CPU
		{3A16A2B2-4BF2-4FF8-BE85-E54F2E1FDA24}.Release|Any CPU.Build.0 = Release|Any CPU
	EndGlobalSection
	GlobalSection(SolutionProperties) = preSolution
		HideSolutionNode = FALSE
	EndGlobalSection
	GlobalSection(ExtensibilityGlobals) = postSolution
		SolutionGuid = {6237430B-FAD0-4C9B-BE2C-CDB64D80D293}
	EndGlobalSection
EndGlobal
